// !$*UTF8*$!
{
	archiveVersion = 1;
	classes = {
	};
	objectVersion = 50;
	objects = {

/* Begin PBXBuildFile section */
		6DAAF8E023E098EE0072D03C /* AppDelegate.m in Sources */ = {isa = PBXBuildFile; fileRef = 6DAAF8DF23E098EE0072D03C /* AppDelegate.m */; };
		6DAAF8E323E098EE0072D03C /* SceneDelegate.m in Sources */ = {isa = PBXBuildFile; fileRef = 6DAAF8E223E098EE0072D03C /* SceneDelegate.m */; };
		6DAAF8E923E098EE0072D03C /* Main.storyboard in Resources */ = {isa = PBXBuildFile; fileRef = 6DAAF8E723E098EE0072D03C /* Main.storyboard */; };
		6DAAF8EB23E098F40072D03C /* Assets.xcassets in Resources */ = {isa = PBXBuildFile; fileRef = 6DAAF8EA23E098F40072D03C /* Assets.xcassets */; };
		6DAAF8EE23E098F40072D03C /* LaunchScreen.storyboard in Resources */ = {isa = PBXBuildFile; fileRef = 6DAAF8EC23E098F40072D03C /* LaunchScreen.storyboard */; };
		6DAAF8F123E098F40072D03C /* main.m in Sources */ = {isa = PBXBuildFile; fileRef = 6DAAF8F023E098F40072D03C /* main.m */; };
		6DAAF93323E0D4EF0072D03C /* JDCCard.m in Sources */ = {isa = PBXBuildFile; fileRef = 6DAAF93223E0D4EF0072D03C /* JDCCard.m */; };
		6DAAF93623E0D6640072D03C /* JDCCardController.m in Sources */ = {isa = PBXBuildFile; fileRef = 6DAAF93523E0D6640072D03C /* JDCCardController.m */; };
		6DAAF93C23E0DDC20072D03C /* JDCCardViewController.swift in Sources */ = {isa = PBXBuildFile; fileRef = 6DAAF93B23E0DDC20072D03C /* JDCCardViewController.swift */; };
/* End PBXBuildFile section */

/* Begin PBXFileReference section */
		6DAAF8DB23E098EE0072D03C /* DeckOfOneCardC31.app */ = {isa = PBXFileReference; explicitFileType = wrapper.application; includeInIndex = 0; path = DeckOfOneCardC31.app; sourceTree = BUILT_PRODUCTS_DIR; };
		6DAAF8DE23E098EE0072D03C /* AppDelegate.h */ = {isa = PBXFileReference; lastKnownFileType = sourcecode.c.h; path = AppDelegate.h; sourceTree = "<group>"; };
		6DAAF8DF23E098EE0072D03C /* AppDelegate.m */ = {isa = PBXFileReference; lastKnownFileType = sourcecode.c.objc; path = AppDelegate.m; sourceTree = "<group>"; };
		6DAAF8E123E098EE0072D03C /* SceneDelegate.h */ = {isa = PBXFileReference; lastKnownFileType = sourcecode.c.h; path = SceneDelegate.h; sourceTree = "<group>"; };
		6DAAF8E223E098EE0072D03C /* SceneDelegate.m */ = {isa = PBXFileReference; lastKnownFileType = sourcecode.c.objc; path = SceneDelegate.m; sourceTree = "<group>"; };
		6DAAF8E823E098EE0072D03C /* Base */ = {isa = PBXFileReference; lastKnownFileType = file.storyboard; name = Base; path = Base.lproj/Main.storyboard; sourceTree = "<group>"; };
		6DAAF8EA23E098F40072D03C /* Assets.xcassets */ = {isa = PBXFileReference; lastKnownFileType = folder.assetcatalog; path = Assets.xcassets; sourceTree = "<group>"; };
		6DAAF8ED23E098F40072D03C /* Base */ = {isa = PBXFileReference; lastKnownFileType = file.storyboard; name = Base; path = Base.lproj/LaunchScreen.storyboard; sourceTree = "<group>"; };
		6DAAF8EF23E098F40072D03C /* Info.plist */ = {isa = PBXFileReference; lastKnownFileType = text.plist.xml; path = Info.plist; sourceTree = "<group>"; };
		6DAAF8F023E098F40072D03C /* main.m */ = {isa = PBXFileReference; lastKnownFileType = sourcecode.c.objc; path = main.m; sourceTree = "<group>"; };
		6DAAF93123E0D4EF0072D03C /* JDCCard.h */ = {isa = PBXFileReference; lastKnownFileType = sourcecode.c.h; path = JDCCard.h; sourceTree = "<group>"; };
		6DAAF93223E0D4EF0072D03C /* JDCCard.m */ = {isa = PBXFileReference; lastKnownFileType = sourcecode.c.objc; path = JDCCard.m; sourceTree = "<group>"; };
		6DAAF93423E0D6640072D03C /* JDCCardController.h */ = {isa = PBXFileReference; lastKnownFileType = sourcecode.c.h; path = JDCCardController.h; sourceTree = "<group>"; };
		6DAAF93523E0D6640072D03C /* JDCCardController.m */ = {isa = PBXFileReference; lastKnownFileType = sourcecode.c.objc; path = JDCCardController.m; sourceTree = "<group>"; };
		6DAAF93A23E0DDC20072D03C /* DeckOfOneCardC31-Bridging-Header.h */ = {isa = PBXFileReference; lastKnownFileType = sourcecode.c.h; path = "DeckOfOneCardC31-Bridging-Header.h"; sourceTree = "<group>"; };
		6DAAF93B23E0DDC20072D03C /* JDCCardViewController.swift */ = {isa = PBXFileReference; lastKnownFileType = sourcecode.swift; path = JDCCardViewController.swift; sourceTree = "<group>"; };
/* End PBXFileReference section */

/* Begin PBXFrameworksBuildPhase section */
		6DAAF8D823E098EE0072D03C /* Frameworks */ = {
			isa = PBXFrameworksBuildPhase;
			buildActionMask = 2147483647;
			files = (
			);
			runOnlyForDeploymentPostprocessing = 0;
		};
/* End PBXFrameworksBuildPhase section */

/* Begin PBXGroup section */
		6DAAF8D223E098EE0072D03C = {
			isa = PBXGroup;
			children = (
				6DAAF8DD23E098EE0072D03C /* DeckOfOneCardC31 */,
				6DAAF8DC23E098EE0072D03C /* Products */,
			);
			sourceTree = "<group>";
		};
		6DAAF8DC23E098EE0072D03C /* Products */ = {
			isa = PBXGroup;
			children = (
				6DAAF8DB23E098EE0072D03C /* DeckOfOneCardC31.app */,
			);
			name = Products;
			sourceTree = "<group>";
		};
		6DAAF8DD23E098EE0072D03C /* DeckOfOneCardC31 */ = {
			isa = PBXGroup;
			children = (
				6DAAF8E723E098EE0072D03C /* Main.storyboard */,
				6DAAF8F823E099380072D03C /* Models */,
				6DAAF8F923E0993C0072D03C /* Views */,
				6DAAF8FA23E0993F0072D03C /* Controllers */,
				6DAAF8F723E099070072D03C /* Resources */,
			);
			path = DeckOfOneCardC31;
			sourceTree = "<group>";
		};
		6DAAF8F723E099070072D03C /* Resources */ = {
			isa = PBXGroup;
			children = (
				6DAAF8DE23E098EE0072D03C /* AppDelegate.h */,
				6DAAF8DF23E098EE0072D03C /* AppDelegate.m */,
				6DAAF8E123E098EE0072D03C /* SceneDelegate.h */,
				6DAAF8E223E098EE0072D03C /* SceneDelegate.m */,
				6DAAF8EA23E098F40072D03C /* Assets.xcassets */,
				6DAAF8EC23E098F40072D03C /* LaunchScreen.storyboard */,
				6DAAF8EF23E098F40072D03C /* Info.plist */,
				6DAAF8F023E098F40072D03C /* main.m */,
			);
			path = Resources;
			sourceTree = "<group>";
		};
		6DAAF8F823E099380072D03C /* Models */ = {
			isa = PBXGroup;
			children = (
				6DAAF93123E0D4EF0072D03C /* JDCCard.h */,
				6DAAF93223E0D4EF0072D03C /* JDCCard.m */,
			);
			path = Models;
			sourceTree = "<group>";
		};
		6DAAF8F923E0993C0072D03C /* Views */ = {
			isa = PBXGroup;
			children = (
			);
			path = Views;
			sourceTree = "<group>";
		};
		6DAAF8FA23E0993F0072D03C /* Controllers */ = {
			isa = PBXGroup;
			children = (
				6DAAF8FB23E099430072D03C /* ModelControllers */,
				6DAAF8FC23E099480072D03C /* ViewControllers */,
			);
			path = Controllers;
			sourceTree = "<group>";
		};
		6DAAF8FB23E099430072D03C /* ModelControllers */ = {
			isa = PBXGroup;
			children = (
				6DAAF93423E0D6640072D03C /* JDCCardController.h */,
				6DAAF93523E0D6640072D03C /* JDCCardController.m */,
			);
			path = ModelControllers;
			sourceTree = "<group>";
		};
		6DAAF8FC23E099480072D03C /* ViewControllers */ = {
			isa = PBXGroup;
			children = (
				6DAAF93B23E0DDC20072D03C /* JDCCardViewController.swift */,
				6DAAF93A23E0DDC20072D03C /* DeckOfOneCardC31-Bridging-Header.h */,
			);
			path = ViewControllers;
			sourceTree = "<group>";
		};
/* End PBXGroup section */

/* Begin PBXNativeTarget section */
		6DAAF8DA23E098EE0072D03C /* DeckOfOneCardC31 */ = {
			isa = PBXNativeTarget;
			buildConfigurationList = 6DAAF8F423E098F40072D03C /* Build configuration list for PBXNativeTarget "DeckOfOneCardC31" */;
			buildPhases = (
				6DAAF8D723E098EE0072D03C /* Sources */,
				6DAAF8D823E098EE0072D03C /* Frameworks */,
				6DAAF8D923E098EE0072D03C /* Resources */,
			);
			buildRules = (
			);
			dependencies = (
			);
			name = DeckOfOneCardC31;
			productName = DeckOfOneCardC31;
			productReference = 6DAAF8DB23E098EE0072D03C /* DeckOfOneCardC31.app */;
			productType = "com.apple.product-type.application";
		};
/* End PBXNativeTarget section */

/* Begin PBXProject section */
		6DAAF8D323E098EE0072D03C /* Project object */ = {
			isa = PBXProject;
			attributes = {
				CLASSPREFIX = JDC;
				LastUpgradeCheck = 1130;
				ORGANIZATIONNAME = "Jon Corn";
				TargetAttributes = {
					6DAAF8DA23E098EE0072D03C = {
						CreatedOnToolsVersion = 11.3.1;
						LastSwiftMigration = 1130;
					};
				};
			};
			buildConfigurationList = 6DAAF8D623E098EE0072D03C /* Build configuration list for PBXProject "DeckOfOneCardC31" */;
			compatibilityVersion = "Xcode 9.3";
			developmentRegion = en;
			hasScannedForEncodings = 0;
			knownRegions = (
				en,
				Base,
			);
			mainGroup = 6DAAF8D223E098EE0072D03C;
			productRefGroup = 6DAAF8DC23E098EE0072D03C /* Products */;
			projectDirPath = "";
			projectRoot = "";
			targets = (
				6DAAF8DA23E098EE0072D03C /* DeckOfOneCardC31 */,
			);
		};
/* End PBXProject section */

/* Begin PBXResourcesBuildPhase section */
		6DAAF8D923E098EE0072D03C /* Resources */ = {
			isa = PBXResourcesBuildPhase;
			buildActionMask = 2147483647;
			files = (
				6DAAF8EE23E098F40072D03C /* LaunchScreen.storyboard in Resources */,
				6DAAF8EB23E098F40072D03C /* Assets.xcassets in Resources */,
				6DAAF8E923E098EE0072D03C /* Main.storyboard in Resources */,
			);
			runOnlyForDeploymentPostprocessing = 0;
		};
/* End PBXResourcesBuildPhase section */

/* Begin PBXSourcesBuildPhase section */
		6DAAF8D723E098EE0072D03C /* Sources */ = {
			isa = PBXSourcesBuildPhase;
			buildActionMask = 2147483647;
			files = (
				6DAAF8E023E098EE0072D03C /* AppDelegate.m in Sources */,
				6DAAF8F123E098F40072D03C /* main.m in Sources */,
				6DAAF93623E0D6640072D03C /* JDCCardController.m in Sources */,
				6DAAF8E323E098EE0072D03C /* SceneDelegate.m in Sources */,
				6DAAF93C23E0DDC20072D03C /* JDCCardViewController.swift in Sources */,
				6DAAF93323E0D4EF0072D03C /* JDCCard.m in Sources */,
			);
			runOnlyForDeploymentPostprocessing = 0;
		};
/* End PBXSourcesBuildPhase section */

/* Begin PBXVariantGroup section */
		6DAAF8E723E098EE0072D03C /* Main.storyboard */ = {
			isa = PBXVariantGroup;
			children = (
				6DAAF8E823E098EE0072D03C /* Base */,
			);
			name = Main.storyboard;
			sourceTree = "<group>";
		};
		6DAAF8EC23E098F40072D03C /* LaunchScreen.storyboard */ = {
			isa = PBXVariantGroup;
			children = (
				6DAAF8ED23E098F40072D03C /* Base */,
			);
			name = LaunchScreen.storyboard;
			sourceTree = "<group>";
		};
/* End PBXVariantGroup section */

/* Begin XCBuildConfiguration section */
		6DAAF8F223E098F40072D03C /* Debug */ = {
			isa = XCBuildConfiguration;
			buildSettings = {
				ALWAYS_SEARCH_USER_PATHS = NO;
				CLANG_ANALYZER_NONNULL = YES;
				CLANG_ANALYZER_NUMBER_OBJECT_CONVERSION = YES_AGGRESSIVE;
				CLANG_CXX_LANGUAGE_STANDARD = "gnu++14";
				CLANG_CXX_LIBRARY = "libc++";
				CLANG_ENABLE_MODULES = YES;
				CLANG_ENABLE_OBJC_ARC = YES;
				CLANG_ENABLE_OBJC_WEAK = YES;
				CLANG_WARN_BLOCK_CAPTURE_AUTORELEASING = YES;
				CLANG_WARN_BOOL_CONVERSION = YES;
				CLANG_WARN_COMMA = YES;
				CLANG_WARN_CONSTANT_CONVERSION = YES;
				CLANG_WARN_DEPRECATED_OBJC_IMPLEMENTATIONS = YES;
				CLANG_WARN_DIRECT_OBJC_ISA_USAGE = YES_ERROR;
				CLANG_WARN_DOCUMENTATION_COMMENTS = YES;
				CLANG_WARN_EMPTY_BODY = YES;
				CLANG_WARN_ENUM_CONVERSION = YES;
				CLANG_WARN_INFINITE_RECURSION = YES;
				CLANG_WARN_INT_CONVERSION = YES;
				CLANG_WARN_NON_LITERAL_NULL_CONVERSION = YES;
				CLANG_WARN_OBJC_IMPLICIT_RETAIN_SELF = YES;
				CLANG_WARN_OBJC_LITERAL_CONVERSION = YES;
				CLANG_WARN_OBJC_ROOT_CLASS = YES_ERROR;
				CLANG_WARN_RANGE_LOOP_ANALYSIS = YES;
				CLANG_WARN_STRICT_PROTOTYPES = YES;
				CLANG_WARN_SUSPICIOUS_MOVE = YES;
				CLANG_WARN_UNGUARDED_AVAILABILITY = YES_AGGRESSIVE;
				CLANG_WARN_UNREACHABLE_CODE = YES;
				CLANG_WARN__DUPLICATE_METHOD_MATCH = YES;
				COPY_PHASE_STRIP = NO;
				DEBUG_INFORMATION_FORMAT = dwarf;
				ENABLE_STRICT_OBJC_MSGSEND = YES;
				ENABLE_TESTABILITY = YES;
				GCC_C_LANGUAGE_STANDARD = gnu11;
				GCC_DYNAMIC_NO_PIC = NO;
				GCC_NO_COMMON_BLOCKS = YES;
				GCC_OPTIMIZATION_LEVEL = 0;
				GCC_PREPROCESSOR_DEFINITIONS = (
					"DEBUG=1",
					"$(inherited)",
				);
				GCC_WARN_64_TO_32_BIT_CONVERSION = YES;
				GCC_WARN_ABOUT_RETURN_TYPE = YES_ERROR;
				GCC_WARN_UNDECLARED_SELECTOR = YES;
				GCC_WARN_UNINITIALIZED_AUTOS = YES_AGGRESSIVE;
				GCC_WARN_UNUSED_FUNCTION = YES;
				GCC_WARN_UNUSED_VARIABLE = YES;
				IPHONEOS_DEPLOYMENT_TARGET = 13.2;
				MTL_ENABLE_DEBUG_INFO = INCLUDE_SOURCE;
				MTL_FAST_MATH = YES;
				ONLY_ACTIVE_ARCH = YES;
				SDKROOT = iphoneos;
			};
			name = Debug;
		};
		6DAAF8F323E098F40072D03C /* Release */ = {
			isa = XCBuildConfiguration;
			buildSettings = {
				ALWAYS_SEARCH_USER_PATHS = NO;
				CLANG_ANALYZER_NONNULL = YES;
				CLANG_ANALYZER_NUMBER_OBJECT_CONVERSION = YES_AGGRESSIVE;
				CLANG_CXX_LANGUAGE_STANDARD = "gnu++14";
				CLANG_CXX_LIBRARY = "libc++";
				CLANG_ENABLE_MODULES = YES;
				CLANG_ENABLE_OBJC_ARC = YES;
				CLANG_ENABLE_OBJC_WEAK = YES;
				CLANG_WARN_BLOCK_CAPTURE_AUTORELEASING = YES;
				CLANG_WARN_BOOL_CONVERSION = YES;
				CLANG_WARN_COMMA = YES;
				CLANG_WARN_CONSTANT_CONVERSION = YES;
				CLANG_WARN_DEPRECATED_OBJC_IMPLEMENTATIONS = YES;
				CLANG_WARN_DIRECT_OBJC_ISA_USAGE = YES_ERROR;
				CLANG_WARN_DOCUMENTATION_COMMENTS = YES;
				CLANG_WARN_EMPTY_BODY = YES;
				CLANG_WARN_ENUM_CONVERSION = YES;
				CLANG_WARN_INFINITE_RECURSION = YES;
				CLANG_WARN_INT_CONVERSION = YES;
				CLANG_WARN_NON_LITERAL_NULL_CONVERSION = YES;
				CLANG_WARN_OBJC_IMPLICIT_RETAIN_SELF = YES;
				CLANG_WARN_OBJC_LITERAL_CONVERSION = YES;
				CLANG_WARN_OBJC_ROOT_CLASS = YES_ERROR;
				CLANG_WARN_RANGE_LOOP_ANALYSIS = YES;
				CLANG_WARN_STRICT_PROTOTYPES = YES;
				CLANG_WARN_SUSPICIOUS_MOVE = YES;
				CLANG_WARN_UNGUARDED_AVAILABILITY = YES_AGGRESSIVE;
				CLANG_WARN_UNREACHABLE_CODE = YES;
				CLANG_WARN__DUPLICATE_METHOD_MATCH = YES;
				COPY_PHASE_STRIP = NO;
				DEBUG_INFORMATION_FORMAT = "dwarf-with-dsym";
				ENABLE_NS_ASSERTIONS = NO;
				ENABLE_STRICT_OBJC_MSGSEND = YES;
				GCC_C_LANGUAGE_STANDARD = gnu11;
				GCC_NO_COMMON_BLOCKS = YES;
				GCC_WARN_64_TO_32_BIT_CONVERSION = YES;
				GCC_WARN_ABOUT_RETURN_TYPE = YES_ERROR;
				GCC_WARN_UNDECLARED_SELECTOR = YES;
				GCC_WARN_UNINITIALIZED_AUTOS = YES_AGGRESSIVE;
				GCC_WARN_UNUSED_FUNCTION = YES;
				GCC_WARN_UNUSED_VARIABLE = YES;
				IPHONEOS_DEPLOYMENT_TARGET = 13.2;
				MTL_ENABLE_DEBUG_INFO = NO;
				MTL_FAST_MATH = YES;
				SDKROOT = iphoneos;
				VALIDATE_PRODUCT = YES;
			};
			name = Release;
		};
		6DAAF8F523E098F40072D03C /* Debug */ = {
			isa = XCBuildConfiguration;
			buildSettings = {
				ASSETCATALOG_COMPILER_APPICON_NAME = AppIcon;
				CLANG_ENABLE_MODULES = YES;
				CODE_SIGN_STYLE = Automatic;
				INFOPLIST_FILE = "$(SRCROOT)/DeckOfOneCardC31/Resources/Info.plist";
				LD_RUNPATH_SEARCH_PATHS = (
					"$(inherited)",
					"@executable_path/Frameworks",
				);
				PRODUCT_BUNDLE_IDENTIFIER = com.jdcorn.DeckOfOneCardC31;
				PRODUCT_NAME = "$(TARGET_NAME)";
				SWIFT_OBJC_BRIDGING_HEADER = "DeckOfOneCardC31/Controllers/ViewControllers/DeckOfOneCardC31-Bridging-Header.h";
				SWIFT_OPTIMIZATION_LEVEL = "-Onone";
				SWIFT_VERSION = 5.0;
				TARGETED_DEVICE_FAMILY = "1,2";
			};
			name = Debug;
		};
		6DAAF8F623E098F40072D03C /* Release */ = {
			isa = XCBuildConfiguration;
			buildSettings = {
				ASSETCATALOG_COMPILER_APPICON_NAME = AppIcon;
				CLANG_ENABLE_MODULES = YES;
				CODE_SIGN_STYLE = Automatic;
				INFOPLIST_FILE = "$(SRCROOT)/DeckOfOneCardC31/Resources/Info.plist";
				LD_RUNPATH_SEARCH_PATHS = (
					"$(inherited)",
					"@executable_path/Frameworks",
				);
				PRODUCT_BUNDLE_IDENTIFIER = com.jdcorn.DeckOfOneCardC31;
				PRODUCT_NAME = "$(TARGET_NAME)";
				SWIFT_OBJC_BRIDGING_HEADER = "DeckOfOneCardC31/Controllers/ViewControllers/DeckOfOneCardC31-Bridging-Header.h";
				SWIFT_VERSION = 5.0;
				TARGETED_DEVICE_FAMILY = "1,2";
			};
			name = Release;
		};
/* End XCBuildConfiguration section */

/* Begin XCConfigurationList section */
		6DAAF8D623E098EE0072D03C /* Build configuration list for PBXProject "DeckOfOneCardC31" */ = {
			isa = XCConfigurationList;
			buildConfigurations = (
				6DAAF8F223E098F40072D03C /* Debug */,
				6DAAF8F323E098F40072D03C /* Release */,
			);
			defaultConfigurationIsVisible = 0;
			defaultConfigurationName = Release;
		};
		6DAAF8F423E098F40072D03C /* Build configuration list for PBXNativeTarget "DeckOfOneCardC31" */ = {
			isa = XCConfigurationList;
			buildConfigurations = (
				6DAAF8F523E098F40072D03C /* Debug */,
				6DAAF8F623E098F40072D03C /* Release */,
			);
			defaultConfigurationIsVisible = 0;
			defaultConfigurationName = Release;
		};
/* End XCConfigurationList section */
	};
	rootObject = 6DAAF8D323E098EE0072D03C /* Project object */;
}
